
Microsoft Visual Studio Solution File, Format Version 12.00
# Visual Studio Version 16
VisualStudioVersion = 16.0.30804.86
MinimumVisualStudioVersion = 10.0.40219.1
Project("{FAE04EC0-301F-11D3-BF4B-00C04F79EFBC}") = "Client", "Client\Client.csproj", "{06D653B6-0860-476F-A943-4057FBB26519}"
EndProject
Project("{FAE04EC0-301F-11D3-BF4B-00C04F79EFBC}") = "Server", "Server\Server.csproj", "{DD41AE4F-F780-4FD8-87A3-ECFB32A65D06}"
EndProject
Project("{2150E333-8FDC-42A3-9474-1A3956D46DE8}") = "Solution Items", "Solution Items", "{B9D4DD25-7742-401F-815B-617E44CE1E6E}"
	ProjectSection(SolutionItems) = preProject
		.gitignore = .gitignore
	EndProjectSection
EndProject
Project("{FAE04EC0-301F-11D3-BF4B-00C04F79EFBC}") = "Models", "Models\Models.csproj", "{6E8F2E4C-3DD7-451F-A7C9-31E04C6D6CCF}"
EndProject
Global
	GlobalSection(SolutionConfigurationPlatforms) = preSolution
		Debug|Any CPU = Debug|Any CPU
		Release|Any CPU = Release|Any CPU
	EndGlobalSection
	GlobalSection(ProjectConfigurationPlatforms) = postSolution
		{06D653B6-0860-476F-A943-4057FBB26519}.Debug|Any CPU.ActiveCfg = Debug|Any CPU
		{06D653B6-0860-476F-A943-4057FBB26519}.Debug|Any CPU.Build.0 = Debug|Any CPU
		{06D653B6-0860-476F-A943-4057FBB26519}.Release|Any CPU.ActiveCfg = Release|Any CPU
		{06D653B6-0860-476F-A943-4057FBB26519}.Release|Any CPU.Build.0 = Release|Any CPU
		{DD41AE4F-F780-4FD8-87A3-ECFB32A65D06}.Debug|Any CPU.ActiveCfg = Debug|Any CPU
		{DD41AE4F-F780-4FD8-87A3-ECFB32A65D06}.Debug|Any CPU.Build.0 = Debug|Any CPU
		{DD41AE4F-F780-4FD8-87A3-ECFB32A65D06}.Release|Any CPU.ActiveCfg = Release|Any CPU
		{DD41AE4F-F780-4FD8-87A3-ECFB32A65D06}.Release|Any CPU.Build.0 = Release|Any CPU
		{6E8F2E4C-3DD7-451F-A7C9-31E04C6D6CCF}.Debug|Any CPU.ActiveCfg = Debug|Any CPU
		{6E8F2E4C-3DD7-451F-A7C9-31E04C6D6CCF}.Debug|Any CPU.Build.0 = Debug|Any CPU
		{6E8F2E4C-3DD7-451F-A7C9-31E04C6D6CCF}.Release|Any CPU.ActiveCfg = Release|Any CPU
		{6E8F2E4C-3DD7-451F-A7C9-31E04C6D6CCF}.Release|Any CPU.Build.0 = Release|Any CPU
	EndGlobalSection
	GlobalSection(SolutionProperties) = preSolution
		HideSolutionNode = FALSE
	EndGlobalSection
	GlobalSection(ExtensibilityGlobals) = postSolution
		SolutionGuid = {380BC5F8-D8D1-4D4F-8B61-4F61D80CA1FC}
	EndGlobalSection
EndGlobal
